
Microsoft Visual Studio Solution File, Format Version 12.00
# Visual Studio Version 16
VisualStudioVersion = 16.0.32413.511
MinimumVisualStudioVersion = 10.0.40219.1
Project("{9A19103F-16F7-4668-BE54-9A1E7A4F7556}") = "MatchGame", "MathGame\MatchGame.csproj", "{CEDB5C6F-C39E-455B-8FB2-2A348E09C09F}"
EndProject
Global
	GlobalSection(SolutionConfigurationPlatforms) = preSolution
		Debug|Any CPU = Debug|Any CPU
		Release|Any CPU = Release|Any CPU
	EndGlobalSection
	GlobalSection(ProjectConfigurationPlatforms) = postSolution
		{CEDB5C6F-C39E-455B-8FB2-2A348E09C09F}.Debug|Any CPU.ActiveCfg = Debug|Any CPU
		{CEDB5C6F-C39E-455B-8FB2-2A348E09C09F}.Debug|Any CPU.Build.0 = Debug|Any CPU
		{CEDB5C6F-C39E-455B-8FB2-2A348E09C09F}.Release|Any CPU.ActiveCfg = Release|Any CPU
		{CEDB5C6F-C39E-455B-8FB2-2A348E09C09F}.Release|Any CPU.Build.0 = Release|Any CPU
	EndGlobalSection
	GlobalSection(SolutionProperties) = preSolution
		HideSolutionNode = FALSE
	EndGlobalSection
	GlobalSection(ExtensibilityGlobals) = postSolution
		SolutionGuid = {9ED7D687-F711-4CC2-9870-80ACDFC9DAEF}
	EndGlobalSection
EndGlobal
